// !$*UTF8*$!
{
	archiveVersion = 1;
	classes = {
	};
	objectVersion = 55;
	objects = {

/* Begin PBXBuildFile section */
		2E46E5CF284D944800D2BE0F /* mapsView.swift in Sources */ = {isa = PBXBuildFile; fileRef = 2E46E5CE284D944800D2BE0F /* mapsView.swift */; };
		2E87942E284C8B2D00DF67A5 /* placeList.swift in Sources */ = {isa = PBXBuildFile; fileRef = 2E87942D284C8B2D00DF67A5 /* placeList.swift */; };
		2E879430284C901C00DF67A5 /* placeDetail.swift in Sources */ = {isa = PBXBuildFile; fileRef = 2E87942F284C901C00DF67A5 /* placeDetail.swift */; };
		2EB4FE0E284C6D2900553397 /* afl4App.swift in Sources */ = {isa = PBXBuildFile; fileRef = 2EB4FE0D284C6D2900553397 /* afl4App.swift */; };
		2EB4FE10284C6D2900553397 /* ContentView.swift in Sources */ = {isa = PBXBuildFile; fileRef = 2EB4FE0F284C6D2900553397 /* ContentView.swift */; };
		2EB4FE12284C6D2C00553397 /* Assets.xcassets in Resources */ = {isa = PBXBuildFile; fileRef = 2EB4FE11284C6D2C00553397 /* Assets.xcassets */; };
		2EB4FE15284C6D2C00553397 /* Preview Assets.xcassets in Resources */ = {isa = PBXBuildFile; fileRef = 2EB4FE14284C6D2C00553397 /* Preview Assets.xcassets */; };
		2EB4FE1F284C6D2C00553397 /* afl4Tests.swift in Sources */ = {isa = PBXBuildFile; fileRef = 2EB4FE1E284C6D2C00553397 /* afl4Tests.swift */; };
		2EB4FE29284C6D2C00553397 /* afl4UITests.swift in Sources */ = {isa = PBXBuildFile; fileRef = 2EB4FE28284C6D2C00553397 /* afl4UITests.swift */; };
		2EB4FE2B284C6D2C00553397 /* afl4UITestsLaunchTests.swift in Sources */ = {isa = PBXBuildFile; fileRef = 2EB4FE2A284C6D2C00553397 /* afl4UITestsLaunchTests.swift */; };
		2EB4FE3E284C6E1000553397 /* homeView.swift in Sources */ = {isa = PBXBuildFile; fileRef = 2EB4FE3D284C6E1000553397 /* homeView.swift */; };
		2EB4FE40284C6E2900553397 /* categorieView.swift in Sources */ = {isa = PBXBuildFile; fileRef = 2EB4FE3F284C6E2900553397 /* categorieView.swift */; };
		2EB4FE42284C6E4200553397 /* newPlaceView.swift in Sources */ = {isa = PBXBuildFile; fileRef = 2EB4FE41284C6E4200553397 /* newPlaceView.swift */; };
		2EB4FE44284C6E4F00553397 /* settingView.swift in Sources */ = {isa = PBXBuildFile; fileRef = 2EB4FE43284C6E4F00553397 /* settingView.swift */; };
		2EB4FE46284C6E5F00553397 /* favoriteView.swift in Sources */ = {isa = PBXBuildFile; fileRef = 2EB4FE45284C6E5F00553397 /* favoriteView.swift */; };
		2EB4FE48284C73BB00553397 /* tabBar.swift in Sources */ = {isa = PBXBuildFile; fileRef = 2EB4FE47284C73BB00553397 /* tabBar.swift */; };
		2EB4FE4A284C797000553397 /* placeModels.swift in Sources */ = {isa = PBXBuildFile; fileRef = 2EB4FE49284C797000553397 /* placeModels.swift */; };
		2EB4FE4C284C7B1E00553397 /* placeCard.swift in Sources */ = {isa = PBXBuildFile; fileRef = 2EB4FE4B284C7B1E00553397 /* placeCard.swift */; };
/* End PBXBuildFile section */

/* Begin PBXContainerItemProxy section */
		2EB4FE1B284C6D2C00553397 /* PBXContainerItemProxy */ = {
			isa = PBXContainerItemProxy;
			containerPortal = 2EB4FE02284C6D2900553397 /* Project object */;
			proxyType = 1;
			remoteGlobalIDString = 2EB4FE09284C6D2900553397;
			remoteInfo = afl4;
		};
		2EB4FE25284C6D2C00553397 /* PBXContainerItemProxy */ = {
			isa = PBXContainerItemProxy;
			containerPortal = 2EB4FE02284C6D2900553397 /* Project object */;
			proxyType = 1;
			remoteGlobalIDString = 2EB4FE09284C6D2900553397;
			remoteInfo = afl4;
		};
/* End PBXContainerItemProxy section */

/* Begin PBXFileReference section */
		2E46E5CE284D944800D2BE0F /* mapsView.swift */ = {isa = PBXFileReference; lastKnownFileType = sourcecode.swift; path = mapsView.swift; sourceTree = "<group>"; };
		2E87942D284C8B2D00DF67A5 /* placeList.swift */ = {isa = PBXFileReference; lastKnownFileType = sourcecode.swift; path = placeList.swift; sourceTree = "<group>"; };
		2E87942F284C901C00DF67A5 /* placeDetail.swift */ = {isa = PBXFileReference; lastKnownFileType = sourcecode.swift; path = placeDetail.swift; sourceTree = "<group>"; };
		2EB4FE0A284C6D2900553397 /* afl4.app */ = {isa = PBXFileReference; explicitFileType = wrapper.application; includeInIndex = 0; path = afl4.app; sourceTree = BUILT_PRODUCTS_DIR; };
		2EB4FE0D284C6D2900553397 /* afl4App.swift */ = {isa = PBXFileReference; lastKnownFileType = sourcecode.swift; path = afl4App.swift; sourceTree = "<group>"; };
		2EB4FE0F284C6D2900553397 /* ContentView.swift */ = {isa = PBXFileReference; lastKnownFileType = sourcecode.swift; path = ContentView.swift; sourceTree = "<group>"; };
		2EB4FE11284C6D2C00553397 /* Assets.xcassets */ = {isa = PBXFileReference; lastKnownFileType = folder.assetcatalog; path = Assets.xcassets; sourceTree = "<group>"; };
		2EB4FE14284C6D2C00553397 /* Preview Assets.xcassets */ = {isa = PBXFileReference; lastKnownFileType = folder.assetcatalog; path = "Preview Assets.xcassets"; sourceTree = "<group>"; };
		2EB4FE1A284C6D2C00553397 /* afl4Tests.xctest */ = {isa = PBXFileReference; explicitFileType = wrapper.cfbundle; includeInIndex = 0; path = afl4Tests.xctest; sourceTree = BUILT_PRODUCTS_DIR; };
		2EB4FE1E284C6D2C00553397 /* afl4Tests.swift */ = {isa = PBXFileReference; lastKnownFileType = sourcecode.swift; path = afl4Tests.swift; sourceTree = "<group>"; };
		2EB4FE24284C6D2C00553397 /* afl4UITests.xctest */ = {isa = PBXFileReference; explicitFileType = wrapper.cfbundle; includeInIndex = 0; path = afl4UITests.xctest; sourceTree = BUILT_PRODUCTS_DIR; };
		2EB4FE28284C6D2C00553397 /* afl4UITests.swift */ = {isa = PBXFileReference; lastKnownFileType = sourcecode.swift; path = afl4UITests.swift; sourceTree = "<group>"; };
		2EB4FE2A284C6D2C00553397 /* afl4UITestsLaunchTests.swift */ = {isa = PBXFileReference; lastKnownFileType = sourcecode.swift; path = afl4UITestsLaunchTests.swift; sourceTree = "<group>"; };
		2EB4FE3D284C6E1000553397 /* homeView.swift */ = {isa = PBXFileReference; lastKnownFileType = sourcecode.swift; path = homeView.swift; sourceTree = "<group>"; };
		2EB4FE3F284C6E2900553397 /* categorieView.swift */ = {isa = PBXFileReference; lastKnownFileType = sourcecode.swift; path = categorieView.swift; sourceTree = "<group>"; };
		2EB4FE41284C6E4200553397 /* newPlaceView.swift */ = {isa = PBXFileReference; lastKnownFileType = sourcecode.swift; path = newPlaceView.swift; sourceTree = "<group>"; };
		2EB4FE43284C6E4F00553397 /* settingView.swift */ = {isa = PBXFileReference; lastKnownFileType = sourcecode.swift; path = settingView.swift; sourceTree = "<group>"; };
		2EB4FE45284C6E5F00553397 /* favoriteView.swift */ = {isa = PBXFileReference; lastKnownFileType = sourcecode.swift; path = favoriteView.swift; sourceTree = "<group>"; };
		2EB4FE47284C73BB00553397 /* tabBar.swift */ = {isa = PBXFileReference; lastKnownFileType = sourcecode.swift; path = tabBar.swift; sourceTree = "<group>"; };
		2EB4FE49284C797000553397 /* placeModels.swift */ = {isa = PBXFileReference; lastKnownFileType = sourcecode.swift; path = placeModels.swift; sourceTree = "<group>"; };
		2EB4FE4B284C7B1E00553397 /* placeCard.swift */ = {isa = PBXFileReference; lastKnownFileType = sourcecode.swift; path = placeCard.swift; sourceTree = "<group>"; };
/* End PBXFileReference section */

/* Begin PBXFrameworksBuildPhase section */
		2EB4FE07284C6D2900553397 /* Frameworks */ = {
			isa = PBXFrameworksBuildPhase;
			buildActionMask = 2147483647;
			files = (
			);
			runOnlyForDeploymentPostprocessing = 0;
		};
		2EB4FE17284C6D2C00553397 /* Frameworks */ = {
			isa = PBXFrameworksBuildPhase;
			buildActionMask = 2147483647;
			files = (
			);
			runOnlyForDeploymentPostprocessing = 0;
		};
		2EB4FE21284C6D2C00553397 /* Frameworks */ = {
			isa = PBXFrameworksBuildPhase;
			buildActionMask = 2147483647;
			files = (
			);
			runOnlyForDeploymentPostprocessing = 0;
		};
/* End PBXFrameworksBuildPhase section */

/* Begin PBXGroup section */
		2EB4FE01284C6D2900553397 = {
			isa = PBXGroup;
			children = (
				2EB4FE0C284C6D2900553397 /* afl4 */,
				2EB4FE1D284C6D2C00553397 /* afl4Tests */,
				2EB4FE27284C6D2C00553397 /* afl4UITests */,
				2EB4FE0B284C6D2900553397 /* Products */,
			);
			sourceTree = "<group>";
		};
		2EB4FE0B284C6D2900553397 /* Products */ = {
			isa = PBXGroup;
			children = (
				2EB4FE0A284C6D2900553397 /* afl4.app */,
				2EB4FE1A284C6D2C00553397 /* afl4Tests.xctest */,
				2EB4FE24284C6D2C00553397 /* afl4UITests.xctest */,
			);
			name = Products;
			sourceTree = "<group>";
		};
		2EB4FE0C284C6D2900553397 /* afl4 */ = {
			isa = PBXGroup;
			children = (
				2EB4FE39284C6DBA00553397 /* models */,
				2EB4FE38284C6DA300553397 /* viewModels */,
				2EB4FE37284C6D9B00553397 /* view */,
				2EB4FE0D284C6D2900553397 /* afl4App.swift */,
				2EB4FE11284C6D2C00553397 /* Assets.xcassets */,
				2EB4FE13284C6D2C00553397 /* Preview Content */,
			);
			path = afl4;
			sourceTree = "<group>";
		};
		2EB4FE13284C6D2C00553397 /* Preview Content */ = {
			isa = PBXGroup;
			children = (
				2EB4FE14284C6D2C00553397 /* Preview Assets.xcassets */,
			);
			path = "Preview Content";
			sourceTree = "<group>";
		};
		2EB4FE1D284C6D2C00553397 /* afl4Tests */ = {
			isa = PBXGroup;
			children = (
				2EB4FE1E284C6D2C00553397 /* afl4Tests.swift */,
			);
			path = afl4Tests;
			sourceTree = "<group>";
		};
		2EB4FE27284C6D2C00553397 /* afl4UITests */ = {
			isa = PBXGroup;
			children = (
				2EB4FE28284C6D2C00553397 /* afl4UITests.swift */,
				2EB4FE2A284C6D2C00553397 /* afl4UITestsLaunchTests.swift */,
			);
			path = afl4UITests;
			sourceTree = "<group>";
		};
		2EB4FE37284C6D9B00553397 /* view */ = {
			isa = PBXGroup;
			children = (
				2EB4FE3C284C6DDA00553397 /* component */,
				2EB4FE3B284C6DD300553397 /* detail */,
				2EB4FE3A284C6DCD00553397 /* main */,
			);
			name = view;
			sourceTree = "<group>";
		};
		2EB4FE38284C6DA300553397 /* viewModels */ = {
			isa = PBXGroup;
			children = (
			);
			name = viewModels;
			sourceTree = "<group>";
		};
		2EB4FE39284C6DBA00553397 /* models */ = {
			isa = PBXGroup;
			children = (
				2EB4FE49284C797000553397 /* placeModels.swift */,
			);
			path = models;
			sourceTree = "<group>";
		};
		2EB4FE3A284C6DCD00553397 /* main */ = {
			isa = PBXGroup;
			children = (
				2EB4FE0F284C6D2900553397 /* ContentView.swift */,
				2EB4FE3D284C6E1000553397 /* homeView.swift */,
				2EB4FE47284C73BB00553397 /* tabBar.swift */,
				2EB4FE3F284C6E2900553397 /* categorieView.swift */,
				2EB4FE41284C6E4200553397 /* newPlaceView.swift */,
				2EB4FE43284C6E4F00553397 /* settingView.swift */,
				2EB4FE45284C6E5F00553397 /* favoriteView.swift */,
			);
			path = main;
			sourceTree = "<group>";
		};
		2EB4FE3B284C6DD300553397 /* detail */ = {
			isa = PBXGroup;
			children = (
				2E87942F284C901C00DF67A5 /* placeDetail.swift */,
			);
			name = detail;
			sourceTree = "<group>";
		};
		2EB4FE3C284C6DDA00553397 /* component */ = {
			isa = PBXGroup;
			children = (
				2EB4FE4B284C7B1E00553397 /* placeCard.swift */,
				2E87942D284C8B2D00DF67A5 /* placeList.swift */,
				2E46E5CE284D944800D2BE0F /* mapsView.swift */,
			);
			name = component;
			sourceTree = "<group>";
		};
/* End PBXGroup section */

/* Begin PBXNativeTarget section */
		2EB4FE09284C6D2900553397 /* afl4 */ = {
			isa = PBXNativeTarget;
			buildConfigurationList = 2EB4FE2E284C6D2C00553397 /* Build configuration list for PBXNativeTarget "afl4" */;
			buildPhases = (
				2EB4FE06284C6D2900553397 /* Sources */,
				2EB4FE07284C6D2900553397 /* Frameworks */,
				2EB4FE08284C6D2900553397 /* Resources */,
			);
			buildRules = (
			);
			dependencies = (
			);
			name = afl4;
			productName = afl4;
			productReference = 2EB4FE0A284C6D2900553397 /* afl4.app */;
			productType = "com.apple.product-type.application";
		};
		2EB4FE19284C6D2C00553397 /* afl4Tests */ = {
			isa = PBXNativeTarget;
			buildConfigurationList = 2EB4FE31284C6D2C00553397 /* Build configuration list for PBXNativeTarget "afl4Tests" */;
			buildPhases = (
				2EB4FE16284C6D2C00553397 /* Sources */,
				2EB4FE17284C6D2C00553397 /* Frameworks */,
				2EB4FE18284C6D2C00553397 /* Resources */,
			);
			buildRules = (
			);
			dependencies = (
				2EB4FE1C284C6D2C00553397 /* PBXTargetDependency */,
			);
			name = afl4Tests;
			productName = afl4Tests;
			productReference = 2EB4FE1A284C6D2C00553397 /* afl4Tests.xctest */;
			productType = "com.apple.product-type.bundle.unit-test";
		};
		2EB4FE23284C6D2C00553397 /* afl4UITests */ = {
			isa = PBXNativeTarget;
			buildConfigurationList = 2EB4FE34284C6D2C00553397 /* Build configuration list for PBXNativeTarget "afl4UITests" */;
			buildPhases = (
				2EB4FE20284C6D2C00553397 /* Sources */,
				2EB4FE21284C6D2C00553397 /* Frameworks */,
				2EB4FE22284C6D2C00553397 /* Resources */,
			);
			buildRules = (
			);
			dependencies = (
				2EB4FE26284C6D2C00553397 /* PBXTargetDependency */,
			);
			name = afl4UITests;
			productName = afl4UITests;
			productReference = 2EB4FE24284C6D2C00553397 /* afl4UITests.xctest */;
			productType = "com.apple.product-type.bundle.ui-testing";
		};
/* End PBXNativeTarget section */

/* Begin PBXProject section */
		2EB4FE02284C6D2900553397 /* Project object */ = {
			isa = PBXProject;
			attributes = {
				BuildIndependentTargetsInParallel = 1;
				LastSwiftUpdateCheck = 1340;
				LastUpgradeCheck = 1340;
				TargetAttributes = {
					2EB4FE09284C6D2900553397 = {
						CreatedOnToolsVersion = 13.4.1;
					};
					2EB4FE19284C6D2C00553397 = {
						CreatedOnToolsVersion = 13.4.1;
						TestTargetID = 2EB4FE09284C6D2900553397;
					};
					2EB4FE23284C6D2C00553397 = {
						CreatedOnToolsVersion = 13.4.1;
						TestTargetID = 2EB4FE09284C6D2900553397;
					};
				};
			};
			buildConfigurationList = 2EB4FE05284C6D2900553397 /* Build configuration list for PBXProject "afl4" */;
			compatibilityVersion = "Xcode 13.0";
			developmentRegion = en;
			hasScannedForEncodings = 0;
			knownRegions = (
				en,
				Base,
			);
			mainGroup = 2EB4FE01284C6D2900553397;
			productRefGroup = 2EB4FE0B284C6D2900553397 /* Products */;
			projectDirPath = "";
			projectRoot = "";
			targets = (
				2EB4FE09284C6D2900553397 /* afl4 */,
				2EB4FE19284C6D2C00553397 /* afl4Tests */,
				2EB4FE23284C6D2C00553397 /* afl4UITests */,
			);
		};
/* End PBXProject section */

/* Begin PBXResourcesBuildPhase section */
		2EB4FE08284C6D2900553397 /* Resources */ = {
			isa = PBXResourcesBuildPhase;
			buildActionMask = 2147483647;
			files = (
				2EB4FE15284C6D2C00553397 /* Preview Assets.xcassets in Resources */,
				2EB4FE12284C6D2C00553397 /* Assets.xcassets in Resources */,
			);
			runOnlyForDeploymentPostprocessing = 0;
		};
		2EB4FE18284C6D2C00553397 /* Resources */ = {
			isa = PBXResourcesBuildPhase;
			buildActionMask = 2147483647;
			files = (
			);
			runOnlyForDeploymentPostprocessing = 0;
		};
		2EB4FE22284C6D2C00553397 /* Resources */ = {
			isa = PBXResourcesBuildPhase;
			buildActionMask = 2147483647;
			files = (
			);
			runOnlyForDeploymentPostprocessing = 0;
		};
/* End PBXResourcesBuildPhase section */

/* Begin PBXSourcesBuildPhase section */
		2EB4FE06284C6D2900553397 /* Sources */ = {
			isa = PBXSourcesBuildPhase;
			buildActionMask = 2147483647;
			files = (
				2E87942E284C8B2D00DF67A5 /* placeList.swift in Sources */,
				2EB4FE40284C6E2900553397 /* categorieView.swift in Sources */,
				2EB4FE44284C6E4F00553397 /* settingView.swift in Sources */,
				2EB4FE4A284C797000553397 /* placeModels.swift in Sources */,
				2E46E5CF284D944800D2BE0F /* mapsView.swift in Sources */,
				2E879430284C901C00DF67A5 /* placeDetail.swift in Sources */,
				2EB4FE10284C6D2900553397 /* ContentView.swift in Sources */,
				2EB4FE48284C73BB00553397 /* tabBar.swift in Sources */,
				2EB4FE4C284C7B1E00553397 /* placeCard.swift in Sources */,
				2EB4FE42284C6E4200553397 /* newPlaceView.swift in Sources */,
				2EB4FE46284C6E5F00553397 /* favoriteView.swift in Sources */,
				2EB4FE0E284C6D2900553397 /* afl4App.swift in Sources */,
				2EB4FE3E284C6E1000553397 /* homeView.swift in Sources */,
			);
			runOnlyForDeploymentPostprocessing = 0;
		};
		2EB4FE16284C6D2C00553397 /* Sources */ = {
			isa = PBXSourcesBuildPhase;
			buildActionMask = 2147483647;
			files = (
				2EB4FE1F284C6D2C00553397 /* afl4Tests.swift in Sources */,
			);
			runOnlyForDeploymentPostprocessing = 0;
		};
		2EB4FE20284C6D2C00553397 /* Sources */ = {
			isa = PBXSourcesBuildPhase;
			buildActionMask = 2147483647;
			files = (
				2EB4FE29284C6D2C00553397 /* afl4UITests.swift in Sources */,
				2EB4FE2B284C6D2C00553397 /* afl4UITestsLaunchTests.swift in Sources */,
			);
			runOnlyForDeploymentPostprocessing = 0;
		};
/* End PBXSourcesBuildPhase section */

/* Begin PBXTargetDependency section */
		2EB4FE1C284C6D2C00553397 /* PBXTargetDependency */ = {
			isa = PBXTargetDependency;
			target = 2EB4FE09284C6D2900553397 /* afl4 */;
			targetProxy = 2EB4FE1B284C6D2C00553397 /* PBXContainerItemProxy */;
		};
		2EB4FE26284C6D2C00553397 /* PBXTargetDependency */ = {
			isa = PBXTargetDependency;
			target = 2EB4FE09284C6D2900553397 /* afl4 */;
			targetProxy = 2EB4FE25284C6D2C00553397 /* PBXContainerItemProxy */;
		};
/* End PBXTargetDependency section */

/* Begin XCBuildConfiguration section */
		2EB4FE2C284C6D2C00553397 /* Debug */ = {
			isa = XCBuildConfiguration;
			buildSettings = {
				ALWAYS_SEARCH_USER_PATHS = NO;
				CLANG_ANALYZER_NONNULL = YES;
				CLANG_ANALYZER_NUMBER_OBJECT_CONVERSION = YES_AGGRESSIVE;
				CLANG_CXX_LANGUAGE_STANDARD = "gnu++17";
				CLANG_ENABLE_MODULES = YES;
				CLANG_ENABLE_OBJC_ARC = YES;
				CLANG_ENABLE_OBJC_WEAK = YES;
				CLANG_WARN_BLOCK_CAPTURE_AUTORELEASING = YES;
				CLANG_WARN_BOOL_CONVERSION = YES;
				CLANG_WARN_COMMA = YES;
				CLANG_WARN_CONSTANT_CONVERSION = YES;
				CLANG_WARN_DEPRECATED_OBJC_IMPLEMENTATIONS = YES;
				CLANG_WARN_DIRECT_OBJC_ISA_USAGE = YES_ERROR;
				CLANG_WARN_DOCUMENTATION_COMMENTS = YES;
				CLANG_WARN_EMPTY_BODY = YES;
				CLANG_WARN_ENUM_CONVERSION = YES;
				CLANG_WARN_INFINITE_RECURSION = YES;
				CLANG_WARN_INT_CONVERSION = YES;
				CLANG_WARN_NON_LITERAL_NULL_CONVERSION = YES;
				CLANG_WARN_OBJC_IMPLICIT_RETAIN_SELF = YES;
				CLANG_WARN_OBJC_LITERAL_CONVERSION = YES;
				CLANG_WARN_OBJC_ROOT_CLASS = YES_ERROR;
				CLANG_WARN_QUOTED_INCLUDE_IN_FRAMEWORK_HEADER = YES;
				CLANG_WARN_RANGE_LOOP_ANALYSIS = YES;
				CLANG_WARN_STRICT_PROTOTYPES = YES;
				CLANG_WARN_SUSPICIOUS_MOVE = YES;
				CLANG_WARN_UNGUARDED_AVAILABILITY = YES_AGGRESSIVE;
				CLANG_WARN_UNREACHABLE_CODE = YES;
				CLANG_WARN__DUPLICATE_METHOD_MATCH = YES;
				COPY_PHASE_STRIP = NO;
				DEBUG_INFORMATION_FORMAT = dwarf;
				ENABLE_STRICT_OBJC_MSGSEND = YES;
				ENABLE_TESTABILITY = YES;
				GCC_C_LANGUAGE_STANDARD = gnu11;
				GCC_DYNAMIC_NO_PIC = NO;
				GCC_NO_COMMON_BLOCKS = YES;
				GCC_OPTIMIZATION_LEVEL = 0;
				GCC_PREPROCESSOR_DEFINITIONS = (
					"DEBUG=1",
					"$(inherited)",
				);
				GCC_WARN_64_TO_32_BIT_CONVERSION = YES;
				GCC_WARN_ABOUT_RETURN_TYPE = YES_ERROR;
				GCC_WARN_UNDECLARED_SELECTOR = YES;
				GCC_WARN_UNINITIALIZED_AUTOS = YES_AGGRESSIVE;
				GCC_WARN_UNUSED_FUNCTION = YES;
				GCC_WARN_UNUSED_VARIABLE = YES;
				IPHONEOS_DEPLOYMENT_TARGET = 15.5;
				MTL_ENABLE_DEBUG_INFO = INCLUDE_SOURCE;
				MTL_FAST_MATH = YES;
				ONLY_ACTIVE_ARCH = YES;
				SDKROOT = iphoneos;
				SWIFT_ACTIVE_COMPILATION_CONDITIONS = DEBUG;
				SWIFT_OPTIMIZATION_LEVEL = "-Onone";
			};
			name = Debug;
		};
		2EB4FE2D284C6D2C00553397 /* Release */ = {
			isa = XCBuildConfiguration;
			buildSettings = {
				ALWAYS_SEARCH_USER_PATHS = NO;
				CLANG_ANALYZER_NONNULL = YES;
				CLANG_ANALYZER_NUMBER_OBJECT_CONVERSION = YES_AGGRESSIVE;
				CLANG_CXX_LANGUAGE_STANDARD = "gnu++17";
				CLANG_ENABLE_MODULES = YES;
				CLANG_ENABLE_OBJC_ARC = YES;
				CLANG_ENABLE_OBJC_WEAK = YES;
				CLANG_WARN_BLOCK_CAPTURE_AUTORELEASING = YES;
				CLANG_WARN_BOOL_CONVERSION = YES;
				CLANG_WARN_COMMA = YES;
				CLANG_WARN_CONSTANT_CONVERSION = YES;
				CLANG_WARN_DEPRECATED_OBJC_IMPLEMENTATIONS = YES;
				CLANG_WARN_DIRECT_OBJC_ISA_USAGE = YES_ERROR;
				CLANG_WARN_DOCUMENTATION_COMMENTS = YES;
				CLANG_WARN_EMPTY_BODY = YES;
				CLANG_WARN_ENUM_CONVERSION = YES;
				CLANG_WARN_INFINITE_RECURSION = YES;
				CLANG_WARN_INT_CONVERSION = YES;
				CLANG_WARN_NON_LITERAL_NULL_CONVERSION = YES;
				CLANG_WARN_OBJC_IMPLICIT_RETAIN_SELF = YES;
				CLANG_WARN_OBJC_LITERAL_CONVERSION = YES;
				CLANG_WARN_OBJC_ROOT_CLASS = YES_ERROR;
				CLANG_WARN_QUOTED_INCLUDE_IN_FRAMEWORK_HEADER = YES;
				CLANG_WARN_RANGE_LOOP_ANALYSIS = YES;
				CLANG_WARN_STRICT_PROTOTYPES = YES;
				CLANG_WARN_SUSPICIOUS_MOVE = YES;
				CLANG_WARN_UNGUARDED_AVAILABILITY = YES_AGGRESSIVE;
				CLANG_WARN_UNREACHABLE_CODE = YES;
				CLANG_WARN__DUPLICATE_METHOD_MATCH = YES;
				COPY_PHASE_STRIP = NO;
				DEBUG_INFORMATION_FORMAT = "dwarf-with-dsym";
				ENABLE_NS_ASSERTIONS = NO;
				ENABLE_STRICT_OBJC_MSGSEND = YES;
				GCC_C_LANGUAGE_STANDARD = gnu11;
				GCC_NO_COMMON_BLOCKS = YES;
				GCC_WARN_64_TO_32_BIT_CONVERSION = YES;
				GCC_WARN_ABOUT_RETURN_TYPE = YES_ERROR;
				GCC_WARN_UNDECLARED_SELECTOR = YES;
				GCC_WARN_UNINITIALIZED_AUTOS = YES_AGGRESSIVE;
				GCC_WARN_UNUSED_FUNCTION = YES;
				GCC_WARN_UNUSED_VARIABLE = YES;
				IPHONEOS_DEPLOYMENT_TARGET = 15.5;
				MTL_ENABLE_DEBUG_INFO = NO;
				MTL_FAST_MATH = YES;
				SDKROOT = iphoneos;
				SWIFT_COMPILATION_MODE = wholemodule;
				SWIFT_OPTIMIZATION_LEVEL = "-O";
				VALIDATE_PRODUCT = YES;
			};
			name = Release;
		};
		2EB4FE2F284C6D2C00553397 /* Debug */ = {
			isa = XCBuildConfiguration;
			buildSettings = {
				ASSETCATALOG_COMPILER_APPICON_NAME = AppIcon;
				ASSETCATALOG_COMPILER_GLOBAL_ACCENT_COLOR_NAME = AccentColor;
				CODE_SIGN_STYLE = Automatic;
				CURRENT_PROJECT_VERSION = 1;
				DEVELOPMENT_ASSET_PATHS = "\"afl4/Preview Content\"";
				ENABLE_PREVIEWS = YES;
				GENERATE_INFOPLIST_FILE = YES;
				INFOPLIST_KEY_UIApplicationSceneManifest_Generation = YES;
				INFOPLIST_KEY_UIApplicationSupportsIndirectInputEvents = YES;
				INFOPLIST_KEY_UILaunchScreen_Generation = YES;
				INFOPLIST_KEY_UISupportedInterfaceOrientations_iPad = "UIInterfaceOrientationPortrait UIInterfaceOrientationPortraitUpsideDown UIInterfaceOrientationLandscapeLeft UIInterfaceOrientationLandscapeRight";
				INFOPLIST_KEY_UISupportedInterfaceOrientations_iPhone = "UIInterfaceOrientationPortrait UIInterfaceOrientationLandscapeLeft UIInterfaceOrientationLandscapeRight";
				LD_RUNPATH_SEARCH_PATHS = (
					"$(inherited)",
					"@executable_path/Frameworks",
				);
				MARKETING_VERSION = 1.0;
				PRODUCT_BUNDLE_IDENTIFIER = dafa.afl4;
				PRODUCT_NAME = "$(TARGET_NAME)";
				SWIFT_EMIT_LOC_STRINGS = YES;
				SWIFT_VERSION = 5.0;
				TARGETED_DEVICE_FAMILY = "1,2";
			};
			name = Debug;
		};
		2EB4FE30284C6D2C00553397 /* Release */ = {
			isa = XCBuildConfiguration;
			buildSettings = {
				ASSETCATALOG_COMPILER_APPICON_NAME = AppIcon;
				ASSETCATALOG_COMPILER_GLOBAL_ACCENT_COLOR_NAME = AccentColor;
				CODE_SIGN_STYLE = Automatic;
				CURRENT_PROJECT_VERSION = 1;
				DEVELOPMENT_ASSET_PATHS = "\"afl4/Preview Content\"";
				ENABLE_PREVIEWS = YES;
				GENERATE_INFOPLIST_FILE = YES;
				INFOPLIST_KEY_UIApplicationSceneManifest_Generation = YES;
				INFOPLIST_KEY_UIApplicationSupportsIndirectInputEvents = YES;
				INFOPLIST_KEY_UILaunchScreen_Generation = YES;
				INFOPLIST_KEY_UISupportedInterfaceOrientations_iPad = "UIInterfaceOrientationPortrait UIInterfaceOrientationPortraitUpsideDown UIInterfaceOrientationLandscapeLeft UIInterfaceOrientationLandscapeRight";
				INFOPLIST_KEY_UISupportedInterfaceOrientations_iPhone = "UIInterfaceOrientationPortrait UIInterfaceOrientationLandscapeLeft UIInterfaceOrientationLandscapeRight";
				LD_RUNPATH_SEARCH_PATHS = (
					"$(inherited)",
					"@executable_path/Frameworks",
				);
				MARKETING_VERSION = 1.0;
				PRODUCT_BUNDLE_IDENTIFIER = dafa.afl4;
				PRODUCT_NAME = "$(TARGET_NAME)";
				SWIFT_EMIT_LOC_STRINGS = YES;
				SWIFT_VERSION = 5.0;
				TARGETED_DEVICE_FAMILY = "1,2";
			};
			name = Release;
		};
		2EB4FE32284C6D2C00553397 /* Debug */ = {
			isa = XCBuildConfiguration;
			buildSettings = {
				ALWAYS_EMBED_SWIFT_STANDARD_LIBRARIES = YES;
				BUNDLE_LOADER = "$(TEST_HOST)";
				CODE_SIGN_STYLE = Automatic;
				CURRENT_PROJECT_VERSION = 1;
				GENERATE_INFOPLIST_FILE = YES;
				IPHONEOS_DEPLOYMENT_TARGET = 15.5;
				MARKETING_VERSION = 1.0;
				PRODUCT_BUNDLE_IDENTIFIER = dafa.afl4Tests;
				PRODUCT_NAME = "$(TARGET_NAME)";
				SWIFT_EMIT_LOC_STRINGS = NO;
				SWIFT_VERSION = 5.0;
				TARGETED_DEVICE_FAMILY = "1,2";
				TEST_HOST = "$(BUILT_PRODUCTS_DIR)/afl4.app/afl4";
			};
			name = Debug;
		};
		2EB4FE33284C6D2C00553397 /* Release */ = {
			isa = XCBuildConfiguration;
			buildSettings = {
				ALWAYS_EMBED_SWIFT_STANDARD_LIBRARIES = YES;
				BUNDLE_LOADER = "$(TEST_HOST)";
				CODE_SIGN_STYLE = Automatic;
				CURRENT_PROJECT_VERSION = 1;
				GENERATE_INFOPLIST_FILE = YES;
				IPHONEOS_DEPLOYMENT_TARGET = 15.5;
				MARKETING_VERSION = 1.0;
				PRODUCT_BUNDLE_IDENTIFIER = dafa.afl4Tests;
				PRODUCT_NAME = "$(TARGET_NAME)";
				SWIFT_EMIT_LOC_STRINGS = NO;
				SWIFT_VERSION = 5.0;
				TARGETED_DEVICE_FAMILY = "1,2";
				TEST_HOST = "$(BUILT_PRODUCTS_DIR)/afl4.app/afl4";
			};
			name = Release;
		};
		2EB4FE35284C6D2C00553397 /* Debug */ = {
			isa = XCBuildConfiguration;
			buildSettings = {
				ALWAYS_EMBED_SWIFT_STANDARD_LIBRARIES = YES;
				CODE_SIGN_STYLE = Automatic;
				CURRENT_PROJECT_VERSION = 1;
				GENERATE_INFOPLIST_FILE = YES;
				MARKETING_VERSION = 1.0;
				PRODUCT_BUNDLE_IDENTIFIER = dafa.afl4UITests;
				PRODUCT_NAME = "$(TARGET_NAME)";
				SWIFT_EMIT_LOC_STRINGS = NO;
				SWIFT_VERSION = 5.0;
				TARGETED_DEVICE_FAMILY = "1,2";
				TEST_TARGET_NAME = afl4;
			};
			name = Debug;
		};
		2EB4FE36284C6D2C00553397 /* Release */ = {
			isa = XCBuildConfiguration;
			buildSettings = {
				ALWAYS_EMBED_SWIFT_STANDARD_LIBRARIES = YES;
				CODE_SIGN_STYLE = Automatic;
				CURRENT_PROJECT_VERSION = 1;
				GENERATE_INFOPLIST_FILE = YES;
				MARKETING_VERSION = 1.0;
				PRODUCT_BUNDLE_IDENTIFIER = dafa.afl4UITests;
				PRODUCT_NAME = "$(TARGET_NAME)";
				SWIFT_EMIT_LOC_STRINGS = NO;
				SWIFT_VERSION = 5.0;
				TARGETED_DEVICE_FAMILY = "1,2";
				TEST_TARGET_NAME = afl4;
			};
			name = Release;
		};
/* End XCBuildConfiguration section */

/* Begin XCConfigurationList section */
		2EB4FE05284C6D2900553397 /* Build configuration list for PBXProject "afl4" */ = {
			isa = XCConfigurationList;
			buildConfigurations = (
				2EB4FE2C284C6D2C00553397 /* Debug */,
				2EB4FE2D284C6D2C00553397 /* Release */,
			);
			defaultConfigurationIsVisible = 0;
			defaultConfigurationName = Release;
		};
		2EB4FE2E284C6D2C00553397 /* Build configuration list for PBXNativeTarget "afl4" */ = {
			isa = XCConfigurationList;
			buildConfigurations = (
				2EB4FE2F284C6D2C00553397 /* Debug */,
				2EB4FE30284C6D2C00553397 /* Release */,
			);
			defaultConfigurationIsVisible = 0;
			defaultConfigurationName = Release;
		};
		2EB4FE31284C6D2C00553397 /* Build configuration list for PBXNativeTarget "afl4Tests" */ = {
			isa = XCConfigurationList;
			buildConfigurations = (
				2EB4FE32284C6D2C00553397 /* Debug */,
				2EB4FE33284C6D2C00553397 /* Release */,
			);
			defaultConfigurationIsVisible = 0;
			defaultConfigurationName = Release;
		};
		2EB4FE34284C6D2C00553397 /* Build configuration list for PBXNativeTarget "afl4UITests" */ = {
			isa = XCConfigurationList;
			buildConfigurations = (
				2EB4FE35284C6D2C00553397 /* Debug */,
				2EB4FE36284C6D2C00553397 /* Release */,
			);
			defaultConfigurationIsVisible = 0;
			defaultConfigurationName = Release;
		};
/* End XCConfigurationList section */
	};
	rootObject = 2EB4FE02284C6D2900553397 /* Project object */;
}
